
Microsoft Visual Studio Solution File, Format Version 12.00
# Visual Studio 15
VisualStudioVersion = 15.0.28307.489
MinimumVisualStudioVersion = 10.0.40219.1
Project("{FAE04EC0-301F-11D3-BF4B-00C04F79EFBC}") = "SightNitizer", "SightNitizer\SightNitizer.csproj", "{382BBF2C-C735-46DC-9845-0B57B4418284}"
EndProject
Project("{2150E333-8FDC-42A3-9474-1A3956D46DE8}") = "Solution Items", "Solution Items", "{9037A266-0C29-499B-A527-EEA1A6FDC04F}"
	ProjectSection(SolutionItems) = preProject
		SightNitizer\App.config = SightNitizer\App.config
	EndProjectSection
EndProject
Global
	GlobalSection(SolutionConfigurationPlatforms) = preSolution
		Debug|Any CPU = Debug|Any CPU
		Release|Any CPU = Release|Any CPU
	EndGlobalSection
	GlobalSection(ProjectConfigurationPlatforms) = postSolution
		{382BBF2C-C735-46DC-9845-0B57B4418284}.Debug|Any CPU.ActiveCfg = Debug|Any CPU
		{382BBF2C-C735-46DC-9845-0B57B4418284}.Debug|Any CPU.Build.0 = Debug|Any CPU
		{382BBF2C-C735-46DC-9845-0B57B4418284}.Release|Any CPU.ActiveCfg = Release|Any CPU
		{382BBF2C-C735-46DC-9845-0B57B4418284}.Release|Any CPU.Build.0 = Release|Any CPU
	EndGlobalSection
	GlobalSection(SolutionProperties) = preSolution
		HideSolutionNode = FALSE
	EndGlobalSection
	GlobalSection(ExtensibilityGlobals) = postSolution
		SolutionGuid = {9BC583AA-DBC4-4103-83A4-EC6BF1CAC6E3}
	EndGlobalSection
EndGlobal
